{
  "object": {
    "pins": [
      {
        "package": "URLImage",
        "repositoryURL": "https://github.com/dmytro-anokhin/url-image",
        "state": {
          "branch": null,
          "revision": "dfad306e701b9e6d0af7141804db1a6c55c8cf60",
          "version": "0.3.4"
        }
      }
    ]
  },
  "version": 1
}
